
Microsoft Visual Studio Solution File, Format Version 12.00
# Visual Studio Version 17
VisualStudioVersion = 17.14.36414.22
MinimumVisualStudioVersion = 10.0.40219.1
Project("{2150E333-8FDC-42A3-9474-1A3956D46DE8}") = "Task0", "Task0", "{02EA681E-C7D8-13C7-8484-4AC65E1B71E8}"
EndProject
Project("{FAE04EC0-301F-11D3-BF4B-00C04F79EFBC}") = "Tyuiu.MalcevDV.Sprint1.Task0.V28", "Tyuiu.MalcevDV.Sprint1.Task0.V28\Tyuiu.MalcevDV.Sprint1.Task0.V28.csproj", "{CF7792F6-D1AA-4560-AA69-37FE06493FAA}"
EndProject
Project("{FAE04EC0-301F-11D3-BF4B-00C04F79EFBC}") = "Tyuiu.MalcevDV.Sprint1.Task0.V28.Lib", "Tyuiu.MalcevDV.Sprint1.Task0.V28.Lib\Tyuiu.MalcevDV.Sprint1.Task0.V28.Lib.csproj", "{8E8E7F7A-A609-4742-B921-72C81D897337}"
EndProject
Project("{FAE04EC0-301F-11D3-BF4B-00C04F79EFBC}") = "Tyuiu.MalcevDV.Sprint1.Task0.V28.Test", "Tyuiu.MalcevDV.Sprint1.Task0.V28.Test\Tyuiu.MalcevDV.Sprint1.Task0.V28.Test.csproj", "{0B62FACD-F74B-4FB0-8231-443BFD44AB19}"
EndProject
Project("{2150E333-8FDC-42A3-9474-1A3956D46DE8}") = "Task1", "Task1", "{C845751B-5B01-497D-8B2A-5EB2D854F819}"
EndProject
Project("{FAE04EC0-301F-11D3-BF4B-00C04F79EFBC}") = "Tyuiu.MalcevDV.Sprint1.Task1.V26", "Tyuiu.MalcevDV.Sprint1.Task1.V26\Tyuiu.MalcevDV.Sprint1.Task1.V26.csproj", "{B848CC54-3BC6-438D-A61C-2D1DCFBA16F4}"
EndProject
Project("{FAE04EC0-301F-11D3-BF4B-00C04F79EFBC}") = "Tyuiu.MalcevDV.Sprint1.Task1.V26.Lib", "Tyuiu.MalcevDV.Sprint1.Task1.V26.Lib\Tyuiu.MalcevDV.Sprint1.Task1.V26.Lib.csproj", "{5F87DE27-2517-4027-B18B-DDCA7DD0231D}"
EndProject
Project("{FAE04EC0-301F-11D3-BF4B-00C04F79EFBC}") = "Tyuiu.MalcevDV.Sprint1.Task1.V26.Test", "Tyuiu.MalcevDV.Sprint1.Task1.V26.Test\Tyuiu.MalcevDV.Sprint1.Task1.V26.Test.csproj", "{E7C07044-DED9-4B51-83B7-DB2CE903CF1A}"
EndProject
Project("{2150E333-8FDC-42A3-9474-1A3956D46DE8}") = "Task2", "Task2", "{516B1918-8617-44EB-8ABD-9ABFBE4E1689}"
EndProject
Project("{FAE04EC0-301F-11D3-BF4B-00C04F79EFBC}") = "Tyuiu.MalcevDV.Sprint1.Task2.V16", "Tyuiu.MalcevDV.Sprint1.Task2.V16\Tyuiu.MalcevDV.Sprint1.Task2.V16.csproj", "{5B1FAF24-CC90-4516-8434-A253791EEB50}"
EndProject
Project("{FAE04EC0-301F-11D3-BF4B-00C04F79EFBC}") = "Tyuiu.MalcevDV.Sprint1.Task2.V16.Lib", "Tyuiu.MalcevDV.Sprint1.Task2.V16.Lib\Tyuiu.MalcevDV.Sprint1.Task2.V16.Lib.csproj", "{1CA4B7E1-4A01-4EC2-ADA5-08BCFDC2443C}"
EndProject
Project("{FAE04EC0-301F-11D3-BF4B-00C04F79EFBC}") = "Tyuiu.MalcevDV.Sprint1.Task2.V16.Test", "Tyuiu.MalcevDV.Sprint1.Task2.V16.Test\Tyuiu.MalcevDV.Sprint1.Task2.V16.Test.csproj", "{A3EF347C-8837-4B38-A4B0-CB5CD9F0B56C}"
EndProject
Project("{2150E333-8FDC-42A3-9474-1A3956D46DE8}") = "Task3", "Task3", "{5C46A686-E6AA-49CD-8C4E-38F4CF134E40}"
EndProject
Project("{FAE04EC0-301F-11D3-BF4B-00C04F79EFBC}") = "Tyuiu.MalcevDV.Sprint1.Task3.V11", "Tyuiu.MalcevDV.Sprint1.Task3.V11\Tyuiu.MalcevDV.Sprint1.Task3.V11.csproj", "{4F9C6B94-9303-48B8-8ECF-47959E952075}"
EndProject
Project("{FAE04EC0-301F-11D3-BF4B-00C04F79EFBC}") = "Tyuiu.MalcevDV.Sprint1.Task3.V11.Lib", "Tyuiu.MalcevDV.Sprint1.Task3.V11.Lib\Tyuiu.MalcevDV.Sprint1.Task3.V11.Lib.csproj", "{DD490E50-1F83-446D-85DC-B17ED236146C}"
EndProject
Project("{FAE04EC0-301F-11D3-BF4B-00C04F79EFBC}") = "Tyuiu.MalcevDV.Sprint1.Task3.V11.Test", "Tyuiu.MalcevDV.Sprint1.Task3.V11.Test\Tyuiu.MalcevDV.Sprint1.Task3.V11.Test.csproj", "{7CB2519D-76FF-4AA7-AA46-3EB76EF4B5FB}"
EndProject
Project("{2150E333-8FDC-42A3-9474-1A3956D46DE8}") = "Task4", "Task4", "{1798E9A2-B77F-4754-837F-6F2DF7B17AB0}"
EndProject
Project("{FAE04EC0-301F-11D3-BF4B-00C04F79EFBC}") = "Tyuiu.MalcevDV.Sprint1.Task4.V14", "Tyuiu.MalcevDV.Sprint1.Task4.V14\Tyuiu.MalcevDV.Sprint1.Task4.V14.csproj", "{9F45667D-C7F6-406F-A50B-319669A5382B}"
EndProject
Project("{FAE04EC0-301F-11D3-BF4B-00C04F79EFBC}") = "Tyuiu.MalcevDV.Sprint1.Task4.V14.Lib", "Tyuiu.MalcevDV.Sprint1.Task4.V14.Lib\Tyuiu.MalcevDV.Sprint1.Task4.V14.Lib.csproj", "{7B6C7D1E-2E3B-4CFA-8311-71EF50896ECB}"
EndProject
Project("{FAE04EC0-301F-11D3-BF4B-00C04F79EFBC}") = "Tyuiu.MalcevDV.Sprint1.Task4.V14.Test", "Tyuiu.MalcevDV.Sprint1.Task4.V14.Test\Tyuiu.MalcevDV.Sprint1.Task4.V14.Test.csproj", "{68883F60-B14E-40E9-B343-F59BF48E4031}"
EndProject
Project("{2150E333-8FDC-42A3-9474-1A3956D46DE8}") = "Task5", "Task5", "{70F5499A-B5F3-4366-878F-4F368D0C0833}"
EndProject
Project("{FAE04EC0-301F-11D3-BF4B-00C04F79EFBC}") = "Tyuiu.MalcevDV.Sprint1.Task5.V1", "Tyuiu.MalcevDV.Sprint1.Task5.V1\Tyuiu.MalcevDV.Sprint1.Task5.V1.csproj", "{1D32944C-44DE-474D-A237-CCB893302BBA}"
EndProject
Project("{FAE04EC0-301F-11D3-BF4B-00C04F79EFBC}") = "Tyuiu.MalcevDV.Sprint1.Task5.V1.Lib", "Tyuiu.MalcevDV.Sprint1.Task5.V1.Lib\Tyuiu.MalcevDV.Sprint1.Task5.V1.Lib.csproj", "{12E36E42-A223-4939-99D7-D8260F9A6DC1}"
EndProject
Project("{FAE04EC0-301F-11D3-BF4B-00C04F79EFBC}") = "Tyuiu.MalcevDV.Sprint1.Task5.V1.Test", "Tyuiu.MalcevDV.Sprint1.Task5.V1.Test\Tyuiu.MalcevDV.Sprint1.Task5.V1.Test.csproj", "{ACC4E5FE-B597-4ADE-A5C2-956F5398EBD1}"
EndProject
Project("{2150E333-8FDC-42A3-9474-1A3956D46DE8}") = "Task6", "Task6", "{30E56479-57EB-4481-89B0-CF9DCAE9072B}"
EndProject
Project("{FAE04EC0-301F-11D3-BF4B-00C04F79EFBC}") = "Tyuiu.MalcevDV.Sprint1.Task6.V1", "Tyuiu.MalcevDV.Sprint1.Task6.V1\Tyuiu.MalcevDV.Sprint1.Task6.V1.csproj", "{8D94086C-29B4-4C4A-8A70-6C04100CE8E2}"
EndProject
Project("{FAE04EC0-301F-11D3-BF4B-00C04F79EFBC}") = "Tyuiu.MalcevDV.Sprint1.Task6.V1.Lib", "Tyuiu.MalcevDV.Sprint1.Task6.V1.Lib\Tyuiu.MalcevDV.Sprint1.Task6.V1.Lib.csproj", "{38F69F11-9A3D-4B6C-B33B-14A8F38F8E97}"
EndProject
Project("{FAE04EC0-301F-11D3-BF4B-00C04F79EFBC}") = "Tyuiu.MalcevDV.Sprint1.Task6.V1.Test", "Tyuiu.MalcevDV.Sprint1.Task6.V1.Test\Tyuiu.MalcevDV.Sprint1.Task6.V1.Test.csproj", "{E6285F80-C6E2-4556-9158-FD2F75C1B7A3}"
EndProject
Project("{2150E333-8FDC-42A3-9474-1A3956D46DE8}") = "Task7", "Task7", "{93D02C61-1A6C-462E-BF02-58D705D3E803}"
EndProject
Project("{FAE04EC0-301F-11D3-BF4B-00C04F79EFBC}") = "Tyuiu.MalcevDV.Sprint1.Task7.V21", "Tyuiu.MalcevDV.Sprint1.Task7.V21\Tyuiu.MalcevDV.Sprint1.Task7.V21.csproj", "{06F0413C-1F7F-4BD8-8CB9-9B841051EE9A}"
EndProject
Project("{FAE04EC0-301F-11D3-BF4B-00C04F79EFBC}") = "Tyuiu.MalcevDV.Sprint1.Task7.V21.Lib", "Tyuiu.MalcevDV.Sprint1.Task7.V21.Lib\Tyuiu.MalcevDV.Sprint1.Task7.V21.Lib.csproj", "{DAC652E4-5C7C-4878-84A0-57B0CEF44F02}"
EndProject
Project("{FAE04EC0-301F-11D3-BF4B-00C04F79EFBC}") = "Tyuiu.MalcevDV.Sprint1.Task7.V21.Test", "Tyuiu.MalcevDV.Sprint1.Task7.V21.Test\Tyuiu.MalcevDV.Sprint1.Task7.V21.Test.csproj", "{508FC3AF-CBD8-4B6E-BF10-447571657C93}"
EndProject
Global
	GlobalSection(SolutionConfigurationPlatforms) = preSolution
		Debug|Any CPU = Debug|Any CPU
		Release|Any CPU = Release|Any CPU
	EndGlobalSection
	GlobalSection(ProjectConfigurationPlatforms) = postSolution
		{CF7792F6-D1AA-4560-AA69-37FE06493FAA}.Debug|Any CPU.ActiveCfg = Debug|Any CPU
		{CF7792F6-D1AA-4560-AA69-37FE06493FAA}.Debug|Any CPU.Build.0 = Debug|Any CPU
		{CF7792F6-D1AA-4560-AA69-37FE06493FAA}.Release|Any CPU.ActiveCfg = Release|Any CPU
		{CF7792F6-D1AA-4560-AA69-37FE06493FAA}.Release|Any CPU.Build.0 = Release|Any CPU
		{8E8E7F7A-A609-4742-B921-72C81D897337}.Debug|Any CPU.ActiveCfg = Debug|Any CPU
		{8E8E7F7A-A609-4742-B921-72C81D897337}.Debug|Any CPU.Build.0 = Debug|Any CPU
		{8E8E7F7A-A609-4742-B921-72C81D897337}.Release|Any CPU.ActiveCfg = Release|Any CPU
		{8E8E7F7A-A609-4742-B921-72C81D897337}.Release|Any CPU.Build.0 = Release|Any CPU
		{0B62FACD-F74B-4FB0-8231-443BFD44AB19}.Debug|Any CPU.ActiveCfg = Debug|Any CPU
		{0B62FACD-F74B-4FB0-8231-443BFD44AB19}.Debug|Any CPU.Build.0 = Debug|Any CPU
		{0B62FACD-F74B-4FB0-8231-443BFD44AB19}.Release|Any CPU.ActiveCfg = Release|Any CPU
		{0B62FACD-F74B-4FB0-8231-443BFD44AB19}.Release|Any CPU.Build.0 = Release|Any CPU
		{B848CC54-3BC6-438D-A61C-2D1DCFBA16F4}.Debug|Any CPU.ActiveCfg = Debug|Any CPU
		{B848CC54-3BC6-438D-A61C-2D1DCFBA16F4}.Debug|Any CPU.Build.0 = Debug|Any CPU
		{B848CC54-3BC6-438D-A61C-2D1DCFBA16F4}.Release|Any CPU.ActiveCfg = Release|Any CPU
		{B848CC54-3BC6-438D-A61C-2D1DCFBA16F4}.Release|Any CPU.Build.0 = Release|Any CPU
		{5F87DE27-2517-4027-B18B-DDCA7DD0231D}.Debug|Any CPU.ActiveCfg = Debug|Any CPU
		{5F87DE27-2517-4027-B18B-DDCA7DD0231D}.Debug|Any CPU.Build.0 = Debug|Any CPU
		{5F87DE27-2517-4027-B18B-DDCA7DD0231D}.Release|Any CPU.ActiveCfg = Release|Any CPU
		{5F87DE27-2517-4027-B18B-DDCA7DD0231D}.Release|Any CPU.Build.0 = Release|Any CPU
		{E7C07044-DED9-4B51-83B7-DB2CE903CF1A}.Debug|Any CPU.ActiveCfg = Debug|Any CPU
		{E7C07044-DED9-4B51-83B7-DB2CE903CF1A}.Debug|Any CPU.Build.0 = Debug|Any CPU
		{E7C07044-DED9-4B51-83B7-DB2CE903CF1A}.Release|Any CPU.ActiveCfg = Release|Any CPU
		{E7C07044-DED9-4B51-83B7-DB2CE903CF1A}.Release|Any CPU.Build.0 = Release|Any CPU
		{5B1FAF24-CC90-4516-8434-A253791EEB50}.Debug|Any CPU.ActiveCfg = Debug|Any CPU
		{5B1FAF24-CC90-4516-8434-A253791EEB50}.Debug|Any CPU.Build.0 = Debug|Any CPU
		{5B1FAF24-CC90-4516-8434-A253791EEB50}.Release|Any CPU.ActiveCfg = Release|Any CPU
		{5B1FAF24-CC90-4516-8434-A253791EEB50}.Release|Any CPU.Build.0 = Release|Any CPU
		{1CA4B7E1-4A01-4EC2-ADA5-08BCFDC2443C}.Debug|Any CPU.ActiveCfg = Debug|Any CPU
		{1CA4B7E1-4A01-4EC2-ADA5-08BCFDC2443C}.Debug|Any CPU.Build.0 = Debug|Any CPU
		{1CA4B7E1-4A01-4EC2-ADA5-08BCFDC2443C}.Release|Any CPU.ActiveCfg = Release|Any CPU
		{1CA4B7E1-4A01-4EC2-ADA5-08BCFDC2443C}.Release|Any CPU.Build.0 = Release|Any CPU
		{A3EF347C-8837-4B38-A4B0-CB5CD9F0B56C}.Debug|Any CPU.ActiveCfg = Debug|Any CPU
		{A3EF347C-8837-4B38-A4B0-CB5CD9F0B56C}.Debug|Any CPU.Build.0 = Debug|Any CPU
		{A3EF347C-8837-4B38-A4B0-CB5CD9F0B56C}.Release|Any CPU.ActiveCfg = Release|Any CPU
		{A3EF347C-8837-4B38-A4B0-CB5CD9F0B56C}.Release|Any CPU.Build.0 = Release|Any CPU
		{4F9C6B94-9303-48B8-8ECF-47959E952075}.Debug|Any CPU.ActiveCfg = Debug|Any CPU
		{4F9C6B94-9303-48B8-8ECF-47959E952075}.Debug|Any CPU.Build.0 = Debug|Any CPU
		{4F9C6B94-9303-48B8-8ECF-47959E952075}.Release|Any CPU.ActiveCfg = Release|Any CPU
		{4F9C6B94-9303-48B8-8ECF-47959E952075}.Release|Any CPU.Build.0 = Release|Any CPU
		{DD490E50-1F83-446D-85DC-B17ED236146C}.Debug|Any CPU.ActiveCfg = Debug|Any CPU
		{DD490E50-1F83-446D-85DC-B17ED236146C}.Debug|Any CPU.Build.0 = Debug|Any CPU
		{DD490E50-1F83-446D-85DC-B17ED236146C}.Release|Any CPU.ActiveCfg = Release|Any CPU
		{DD490E50-1F83-446D-85DC-B17ED236146C}.Release|Any CPU.Build.0 = Release|Any CPU
		{7CB2519D-76FF-4AA7-AA46-3EB76EF4B5FB}.Debug|Any CPU.ActiveCfg = Debug|Any CPU
		{7CB2519D-76FF-4AA7-AA46-3EB76EF4B5FB}.Debug|Any CPU.Build.0 = Debug|Any CPU
		{7CB2519D-76FF-4AA7-AA46-3EB76EF4B5FB}.Release|Any CPU.ActiveCfg = Release|Any CPU
		{7CB2519D-76FF-4AA7-AA46-3EB76EF4B5FB}.Release|Any CPU.Build.0 = Release|Any CPU
		{9F45667D-C7F6-406F-A50B-319669A5382B}.Debug|Any CPU.ActiveCfg = Debug|Any CPU
		{9F45667D-C7F6-406F-A50B-319669A5382B}.Debug|Any CPU.Build.0 = Debug|Any CPU
		{9F45667D-C7F6-406F-A50B-319669A5382B}.Release|Any CPU.ActiveCfg = Release|Any CPU
		{9F45667D-C7F6-406F-A50B-319669A5382B}.Release|Any CPU.Build.0 = Release|Any CPU
		{7B6C7D1E-2E3B-4CFA-8311-71EF50896ECB}.Debug|Any CPU.ActiveCfg = Debug|Any CPU
		{7B6C7D1E-2E3B-4CFA-8311-71EF50896ECB}.Debug|Any CPU.Build.0 = Debug|Any CPU
		{7B6C7D1E-2E3B-4CFA-8311-71EF50896ECB}.Release|Any CPU.ActiveCfg = Release|Any CPU
		{7B6C7D1E-2E3B-4CFA-8311-71EF50896ECB}.Release|Any CPU.Build.0 = Release|Any CPU
		{68883F60-B14E-40E9-B343-F59BF48E4031}.Debug|Any CPU.ActiveCfg = Debug|Any CPU
		{68883F60-B14E-40E9-B343-F59BF48E4031}.Debug|Any CPU.Build.0 = Debug|Any CPU
		{68883F60-B14E-40E9-B343-F59BF48E4031}.Release|Any CPU.ActiveCfg = Release|Any CPU
		{68883F60-B14E-40E9-B343-F59BF48E4031}.Release|Any CPU.Build.0 = Release|Any CPU
		{1D32944C-44DE-474D-A237-CCB893302BBA}.Debug|Any CPU.ActiveCfg = Debug|Any CPU
		{1D32944C-44DE-474D-A237-CCB893302BBA}.Debug|Any CPU.Build.0 = Debug|Any CPU
		{1D32944C-44DE-474D-A237-CCB893302BBA}.Release|Any CPU.ActiveCfg = Release|Any CPU
		{1D32944C-44DE-474D-A237-CCB893302BBA}.Release|Any CPU.Build.0 = Release|Any CPU
		{12E36E42-A223-4939-99D7-D8260F9A6DC1}.Debug|Any CPU.ActiveCfg = Debug|Any CPU
		{12E36E42-A223-4939-99D7-D8260F9A6DC1}.Debug|Any CPU.Build.0 = Debug|Any CPU
		{12E36E42-A223-4939-99D7-D8260F9A6DC1}.Release|Any CPU.ActiveCfg = Release|Any CPU
		{12E36E42-A223-4939-99D7-D8260F9A6DC1}.Release|Any CPU.Build.0 = Release|Any CPU
		{ACC4E5FE-B597-4ADE-A5C2-956F5398EBD1}.Debug|Any CPU.ActiveCfg = Debug|Any CPU
		{ACC4E5FE-B597-4ADE-A5C2-956F5398EBD1}.Debug|Any CPU.Build.0 = Debug|Any CPU
		{ACC4E5FE-B597-4ADE-A5C2-956F5398EBD1}.Release|Any CPU.ActiveCfg = Release|Any CPU
		{ACC4E5FE-B597-4ADE-A5C2-956F5398EBD1}.Release|Any CPU.Build.0 = Release|Any CPU
		{8D94086C-29B4-4C4A-8A70-6C04100CE8E2}.Debug|Any CPU.ActiveCfg = Debug|Any CPU
		{8D94086C-29B4-4C4A-8A70-6C04100CE8E2}.Debug|Any CPU.Build.0 = Debug|Any CPU
		{8D94086C-29B4-4C4A-8A70-6C04100CE8E2}.Release|Any CPU.ActiveCfg = Release|Any CPU
		{8D94086C-29B4-4C4A-8A70-6C04100CE8E2}.Release|Any CPU.Build.0 = Release|Any CPU
		{38F69F11-9A3D-4B6C-B33B-14A8F38F8E97}.Debug|Any CPU.ActiveCfg = Debug|Any CPU
		{38F69F11-9A3D-4B6C-B33B-14A8F38F8E97}.Debug|Any CPU.Build.0 = Debug|Any CPU
		{38F69F11-9A3D-4B6C-B33B-14A8F38F8E97}.Release|Any CPU.ActiveCfg = Release|Any CPU
		{38F69F11-9A3D-4B6C-B33B-14A8F38F8E97}.Release|Any CPU.Build.0 = Release|Any CPU
		{E6285F80-C6E2-4556-9158-FD2F75C1B7A3}.Debug|Any CPU.ActiveCfg = Debug|Any CPU
		{E6285F80-C6E2-4556-9158-FD2F75C1B7A3}.Debug|Any CPU.Build.0 = Debug|Any CPU
		{E6285F80-C6E2-4556-9158-FD2F75C1B7A3}.Release|Any CPU.ActiveCfg = Release|Any CPU
		{E6285F80-C6E2-4556-9158-FD2F75C1B7A3}.Release|Any CPU.Build.0 = Release|Any CPU
		{06F0413C-1F7F-4BD8-8CB9-9B841051EE9A}.Debug|Any CPU.ActiveCfg = Debug|Any CPU
		{06F0413C-1F7F-4BD8-8CB9-9B841051EE9A}.Debug|Any CPU.Build.0 = Debug|Any CPU
		{06F0413C-1F7F-4BD8-8CB9-9B841051EE9A}.Release|Any CPU.ActiveCfg = Release|Any CPU
		{06F0413C-1F7F-4BD8-8CB9-9B841051EE9A}.Release|Any CPU.Build.0 = Release|Any CPU
		{DAC652E4-5C7C-4878-84A0-57B0CEF44F02}.Debug|Any CPU.ActiveCfg = Debug|Any CPU
		{DAC652E4-5C7C-4878-84A0-57B0CEF44F02}.Debug|Any CPU.Build.0 = Debug|Any CPU
		{DAC652E4-5C7C-4878-84A0-57B0CEF44F02}.Release|Any CPU.ActiveCfg = Release|Any CPU
		{DAC652E4-5C7C-4878-84A0-57B0CEF44F02}.Release|Any CPU.Build.0 = Release|Any CPU
		{508FC3AF-CBD8-4B6E-BF10-447571657C93}.Debug|Any CPU.ActiveCfg = Debug|Any CPU
		{508FC3AF-CBD8-4B6E-BF10-447571657C93}.Debug|Any CPU.Build.0 = Debug|Any CPU
		{508FC3AF-CBD8-4B6E-BF10-447571657C93}.Release|Any CPU.ActiveCfg = Release|Any CPU
		{508FC3AF-CBD8-4B6E-BF10-447571657C93}.Release|Any CPU.Build.0 = Release|Any CPU
	EndGlobalSection
	GlobalSection(SolutionProperties) = preSolution
		HideSolutionNode = FALSE
	EndGlobalSection
	GlobalSection(NestedProjects) = preSolution
		{CF7792F6-D1AA-4560-AA69-37FE06493FAA} = {02EA681E-C7D8-13C7-8484-4AC65E1B71E8}
		{8E8E7F7A-A609-4742-B921-72C81D897337} = {02EA681E-C7D8-13C7-8484-4AC65E1B71E8}
		{0B62FACD-F74B-4FB0-8231-443BFD44AB19} = {02EA681E-C7D8-13C7-8484-4AC65E1B71E8}
		{B848CC54-3BC6-438D-A61C-2D1DCFBA16F4} = {C845751B-5B01-497D-8B2A-5EB2D854F819}
		{5F87DE27-2517-4027-B18B-DDCA7DD0231D} = {C845751B-5B01-497D-8B2A-5EB2D854F819}
		{E7C07044-DED9-4B51-83B7-DB2CE903CF1A} = {C845751B-5B01-497D-8B2A-5EB2D854F819}
		{5B1FAF24-CC90-4516-8434-A253791EEB50} = {516B1918-8617-44EB-8ABD-9ABFBE4E1689}
		{1CA4B7E1-4A01-4EC2-ADA5-08BCFDC2443C} = {516B1918-8617-44EB-8ABD-9ABFBE4E1689}
		{A3EF347C-8837-4B38-A4B0-CB5CD9F0B56C} = {516B1918-8617-44EB-8ABD-9ABFBE4E1689}
		{4F9C6B94-9303-48B8-8ECF-47959E952075} = {5C46A686-E6AA-49CD-8C4E-38F4CF134E40}
		{DD490E50-1F83-446D-85DC-B17ED236146C} = {5C46A686-E6AA-49CD-8C4E-38F4CF134E40}
		{7CB2519D-76FF-4AA7-AA46-3EB76EF4B5FB} = {5C46A686-E6AA-49CD-8C4E-38F4CF134E40}
		{9F45667D-C7F6-406F-A50B-319669A5382B} = {1798E9A2-B77F-4754-837F-6F2DF7B17AB0}
		{7B6C7D1E-2E3B-4CFA-8311-71EF50896ECB} = {1798E9A2-B77F-4754-837F-6F2DF7B17AB0}
		{68883F60-B14E-40E9-B343-F59BF48E4031} = {1798E9A2-B77F-4754-837F-6F2DF7B17AB0}
		{1D32944C-44DE-474D-A237-CCB893302BBA} = {70F5499A-B5F3-4366-878F-4F368D0C0833}
		{12E36E42-A223-4939-99D7-D8260F9A6DC1} = {70F5499A-B5F3-4366-878F-4F368D0C0833}
		{ACC4E5FE-B597-4ADE-A5C2-956F5398EBD1} = {70F5499A-B5F3-4366-878F-4F368D0C0833}
		{8D94086C-29B4-4C4A-8A70-6C04100CE8E2} = {30E56479-57EB-4481-89B0-CF9DCAE9072B}
		{38F69F11-9A3D-4B6C-B33B-14A8F38F8E97} = {30E56479-57EB-4481-89B0-CF9DCAE9072B}
		{E6285F80-C6E2-4556-9158-FD2F75C1B7A3} = {30E56479-57EB-4481-89B0-CF9DCAE9072B}
		{06F0413C-1F7F-4BD8-8CB9-9B841051EE9A} = {93D02C61-1A6C-462E-BF02-58D705D3E803}
		{DAC652E4-5C7C-4878-84A0-57B0CEF44F02} = {93D02C61-1A6C-462E-BF02-58D705D3E803}
		{508FC3AF-CBD8-4B6E-BF10-447571657C93} = {93D02C61-1A6C-462E-BF02-58D705D3E803}
	EndGlobalSection
	GlobalSection(ExtensibilityGlobals) = postSolution
		SolutionGuid = {F0C201D7-C025-43B0-B5F4-982F157A94EB}
	EndGlobalSection
EndGlobal
